
Microsoft Visual Studio Solution File, Format Version 12.00
# Visual Studio Version 17
VisualStudioVersion = 17.8.34601.278
MinimumVisualStudioVersion = 10.0.40219.1
Project("{FAE04EC0-301F-11D3-BF4B-00C04F79EFBC}") = "WebApplication_IN", "WebApplication_IN\WebApplication_IN.csproj", "{8A0B6668-9C11-497C-8F31-0EABC1325E64}"
EndProject
Global
	GlobalSection(SolutionConfigurationPlatforms) = preSolution
		Debug|Any CPU = Debug|Any CPU
		Release|Any CPU = Release|Any CPU
	EndGlobalSection
	GlobalSection(ProjectConfigurationPlatforms) = postSolution
		{8A0B6668-9C11-497C-8F31-0EABC1325E64}.Debug|Any CPU.ActiveCfg = Debug|Any CPU
		{8A0B6668-9C11-497C-8F31-0EABC1325E64}.Debug|Any CPU.Build.0 = Debug|Any CPU
		{8A0B6668-9C11-497C-8F31-0EABC1325E64}.Release|Any CPU.ActiveCfg = Release|Any CPU
		{8A0B6668-9C11-497C-8F31-0EABC1325E64}.Release|Any CPU.Build.0 = Release|Any CPU
	EndGlobalSection
	GlobalSection(SolutionProperties) = preSolution
		HideSolutionNode = FALSE
	EndGlobalSection
	GlobalSection(ExtensibilityGlobals) = postSolution
		SolutionGuid = {E9CBFAA3-CF8A-47E6-B434-0D302ABD57F6}
	EndGlobalSection
EndGlobal
